// !$*UTF8*$!
{
	archiveVersion = 1;
	classes = {
	};
	objectVersion = 77;
	objects = {

/* Begin PBXContainerItemProxy section */
		8167118D2D3338A8006ABFB4 /* PBXContainerItemProxy */ = {
			isa = PBXContainerItemProxy;
			containerPortal = 816711742D3338A4006ABFB4 /* Project object */;
			proxyType = 1;
			remoteGlobalIDString = 8167117B2D3338A4006ABFB4;
			remoteInfo = RecipesList;
		};
		816711972D3338A8006ABFB4 /* PBXContainerItemProxy */ = {
			isa = PBXContainerItemProxy;
			containerPortal = 816711742D3338A4006ABFB4 /* Project object */;
			proxyType = 1;
			remoteGlobalIDString = 8167117B2D3338A4006ABFB4;
			remoteInfo = RecipesList;
		};
/* End PBXContainerItemProxy section */

/* Begin PBXFileReference section */
		8167117C2D3338A4006ABFB4 /* RecipesList.app */ = {isa = PBXFileReference; explicitFileType = wrapper.application; includeInIndex = 0; path = RecipesList.app; sourceTree = BUILT_PRODUCTS_DIR; };
		8167118C2D3338A8006ABFB4 /* RecipesListTests.xctest */ = {isa = PBXFileReference; explicitFileType = wrapper.cfbundle; includeInIndex = 0; path = RecipesListTests.xctest; sourceTree = BUILT_PRODUCTS_DIR; };
		816711962D3338A8006ABFB4 /* RecipesListUITests.xctest */ = {isa = PBXFileReference; explicitFileType = wrapper.cfbundle; includeInIndex = 0; path = RecipesListUITests.xctest; sourceTree = BUILT_PRODUCTS_DIR; };
/* End PBXFileReference section */

/* Begin PBXFileSystemSynchronizedRootGroup section */
		8167117E2D3338A4006ABFB4 /* RecipesList */ = {
			isa = PBXFileSystemSynchronizedRootGroup;
			path = RecipesList;
			sourceTree = "<group>";
		};
		8167118F2D3338A8006ABFB4 /* RecipesListTests */ = {
			isa = PBXFileSystemSynchronizedRootGroup;
			path = RecipesListTests;
			sourceTree = "<group>";
		};
		816711992D3338A8006ABFB4 /* RecipesListUITests */ = {
			isa = PBXFileSystemSynchronizedRootGroup;
			path = RecipesListUITests;
			sourceTree = "<group>";
		};
/* End PBXFileSystemSynchronizedRootGroup section */

/* Begin PBXFrameworksBuildPhase section */
		816711792D3338A4006ABFB4 /* Frameworks */ = {
			isa = PBXFrameworksBuildPhase;
			buildActionMask = 2147483647;
			files = (
			);
			runOnlyForDeploymentPostprocessing = 0;
		};
		816711892D3338A8006ABFB4 /* Frameworks */ = {
			isa = PBXFrameworksBuildPhase;
			buildActionMask = 2147483647;
			files = (
			);
			runOnlyForDeploymentPostprocessing = 0;
		};
		816711932D3338A8006ABFB4 /* Frameworks */ = {
			isa = PBXFrameworksBuildPhase;
			buildActionMask = 2147483647;
			files = (
			);
			runOnlyForDeploymentPostprocessing = 0;
		};
/* End PBXFrameworksBuildPhase section */

/* Begin PBXGroup section */
		816711732D3338A4006ABFB4 = {
			isa = PBXGroup;
			children = (
				8167117E2D3338A4006ABFB4 /* RecipesList */,
				8167118F2D3338A8006ABFB4 /* RecipesListTests */,
				816711992D3338A8006ABFB4 /* RecipesListUITests */,
				8167117D2D3338A4006ABFB4 /* Products */,
			);
			sourceTree = "<group>";
		};
		8167117D2D3338A4006ABFB4 /* Products */ = {
			isa = PBXGroup;
			children = (
				8167117C2D3338A4006ABFB4 /* RecipesList.app */,
				8167118C2D3338A8006ABFB4 /* RecipesListTests.xctest */,
				816711962D3338A8006ABFB4 /* RecipesListUITests.xctest */,
			);
			name = Products;
			sourceTree = "<group>";
		};
/* End PBXGroup section */

/* Begin PBXNativeTarget section */
		8167117B2D3338A4006ABFB4 /* RecipesList */ = {
			isa = PBXNativeTarget;
			buildConfigurationList = 816711A02D3338A8006ABFB4 /* Build configuration list for PBXNativeTarget "RecipesList" */;
			buildPhases = (
				816711782D3338A4006ABFB4 /* Sources */,
				816711792D3338A4006ABFB4 /* Frameworks */,
				8167117A2D3338A4006ABFB4 /* Resources */,
			);
			buildRules = (
			);
			dependencies = (
			);
			fileSystemSynchronizedGroups = (
				8167117E2D3338A4006ABFB4 /* RecipesList */,
			);
			name = RecipesList;
			packageProductDependencies = (
			);
			productName = RecipesList;
			productReference = 8167117C2D3338A4006ABFB4 /* RecipesList.app */;
			productType = "com.apple.product-type.application";
		};
		8167118B2D3338A8006ABFB4 /* RecipesListTests */ = {
			isa = PBXNativeTarget;
			buildConfigurationList = 816711A32D3338A8006ABFB4 /* Build configuration list for PBXNativeTarget "RecipesListTests" */;
			buildPhases = (
				816711882D3338A8006ABFB4 /* Sources */,
				816711892D3338A8006ABFB4 /* Frameworks */,
				8167118A2D3338A8006ABFB4 /* Resources */,
			);
			buildRules = (
			);
			dependencies = (
				8167118E2D3338A8006ABFB4 /* PBXTargetDependency */,
			);
			fileSystemSynchronizedGroups = (
				8167118F2D3338A8006ABFB4 /* RecipesListTests */,
			);
			name = RecipesListTests;
			packageProductDependencies = (
			);
			productName = RecipesListTests;
			productReference = 8167118C2D3338A8006ABFB4 /* RecipesListTests.xctest */;
			productType = "com.apple.product-type.bundle.unit-test";
		};
		816711952D3338A8006ABFB4 /* RecipesListUITests */ = {
			isa = PBXNativeTarget;
			buildConfigurationList = 816711A62D3338A8006ABFB4 /* Build configuration list for PBXNativeTarget "RecipesListUITests" */;
			buildPhases = (
				816711922D3338A8006ABFB4 /* Sources */,
				816711932D3338A8006ABFB4 /* Frameworks */,
				816711942D3338A8006ABFB4 /* Resources */,
			);
			buildRules = (
			);
			dependencies = (
				816711982D3338A8006ABFB4 /* PBXTargetDependency */,
			);
			fileSystemSynchronizedGroups = (
				816711992D3338A8006ABFB4 /* RecipesListUITests */,
			);
			name = RecipesListUITests;
			packageProductDependencies = (
			);
			productName = RecipesListUITests;
			productReference = 816711962D3338A8006ABFB4 /* RecipesListUITests.xctest */;
			productType = "com.apple.product-type.bundle.ui-testing";
		};
/* End PBXNativeTarget section */

/* Begin PBXProject section */
		816711742D3338A4006ABFB4 /* Project object */ = {
			isa = PBXProject;
			attributes = {
				BuildIndependentTargetsInParallel = 1;
				LastSwiftUpdateCheck = 1620;
				LastUpgradeCheck = 1620;
				TargetAttributes = {
					8167117B2D3338A4006ABFB4 = {
						CreatedOnToolsVersion = 16.2;
					};
					8167118B2D3338A8006ABFB4 = {
						CreatedOnToolsVersion = 16.2;
						TestTargetID = 8167117B2D3338A4006ABFB4;
					};
					816711952D3338A8006ABFB4 = {
						CreatedOnToolsVersion = 16.2;
						TestTargetID = 8167117B2D3338A4006ABFB4;
					};
				};
			};
			buildConfigurationList = 816711772D3338A4006ABFB4 /* Build configuration list for PBXProject "RecipesList" */;
			developmentRegion = en;
			hasScannedForEncodings = 0;
			knownRegions = (
				en,
				Base,
			);
			mainGroup = 816711732D3338A4006ABFB4;
			minimizedProjectReferenceProxies = 1;
			preferredProjectObjectVersion = 77;
			productRefGroup = 8167117D2D3338A4006ABFB4 /* Products */;
			projectDirPath = "";
			projectRoot = "";
			targets = (
				8167117B2D3338A4006ABFB4 /* RecipesList */,
				8167118B2D3338A8006ABFB4 /* RecipesListTests */,
				816711952D3338A8006ABFB4 /* RecipesListUITests */,
			);
		};
/* End PBXProject section */

/* Begin PBXResourcesBuildPhase section */
		8167117A2D3338A4006ABFB4 /* Resources */ = {
			isa = PBXResourcesBuildPhase;
			buildActionMask = 2147483647;
			files = (
			);
			runOnlyForDeploymentPostprocessing = 0;
		};
		8167118A2D3338A8006ABFB4 /* Resources */ = {
			isa = PBXResourcesBuildPhase;
			buildActionMask = 2147483647;
			files = (
			);
			runOnlyForDeploymentPostprocessing = 0;
		};
		816711942D3338A8006ABFB4 /* Resources */ = {
			isa = PBXResourcesBuildPhase;
			buildActionMask = 2147483647;
			files = (
			);
			runOnlyForDeploymentPostprocessing = 0;
		};
/* End PBXResourcesBuildPhase section */

/* Begin PBXSourcesBuildPhase section */
		816711782D3338A4006ABFB4 /* Sources */ = {
			isa = PBXSourcesBuildPhase;
			buildActionMask = 2147483647;
			files = (
			);
			runOnlyForDeploymentPostprocessing = 0;
		};
		816711882D3338A8006ABFB4 /* Sources */ = {
			isa = PBXSourcesBuildPhase;
			buildActionMask = 2147483647;
			files = (
			);
			runOnlyForDeploymentPostprocessing = 0;
		};
		816711922D3338A8006ABFB4 /* Sources */ = {
			isa = PBXSourcesBuildPhase;
			buildActionMask = 2147483647;
			files = (
			);
			runOnlyForDeploymentPostprocessing = 0;
		};
/* End PBXSourcesBuildPhase section */

/* Begin PBXTargetDependency section */
		8167118E2D3338A8006ABFB4 /* PBXTargetDependency */ = {
			isa = PBXTargetDependency;
			target = 8167117B2D3338A4006ABFB4 /* RecipesList */;
			targetProxy = 8167118D2D3338A8006ABFB4 /* PBXContainerItemProxy */;
		};
		816711982D3338A8006ABFB4 /* PBXTargetDependency */ = {
			isa = PBXTargetDependency;
			target = 8167117B2D3338A4006ABFB4 /* RecipesList */;
			targetProxy = 816711972D3338A8006ABFB4 /* PBXContainerItemProxy */;
		};
/* End PBXTargetDependency section */

/* Begin XCBuildConfiguration section */
		8167119E2D3338A8006ABFB4 /* Debug */ = {
			isa = XCBuildConfiguration;
			buildSettings = {
				ALWAYS_SEARCH_USER_PATHS = NO;
				ASSETCATALOG_COMPILER_GENERATE_SWIFT_ASSET_SYMBOL_EXTENSIONS = YES;
				CLANG_ANALYZER_NONNULL = YES;
				CLANG_ANALYZER_NUMBER_OBJECT_CONVERSION = YES_AGGRESSIVE;
				CLANG_CXX_LANGUAGE_STANDARD = "gnu++20";
				CLANG_ENABLE_MODULES = YES;
				CLANG_ENABLE_OBJC_ARC = YES;
				CLANG_ENABLE_OBJC_WEAK = YES;
				CLANG_WARN_BLOCK_CAPTURE_AUTORELEASING = YES;
				CLANG_WARN_BOOL_CONVERSION = YES;
				CLANG_WARN_COMMA = YES;
				CLANG_WARN_CONSTANT_CONVERSION = YES;
				CLANG_WARN_DEPRECATED_OBJC_IMPLEMENTATIONS = YES;
				CLANG_WARN_DIRECT_OBJC_ISA_USAGE = YES_ERROR;
				CLANG_WARN_DOCUMENTATION_COMMENTS = YES;
				CLANG_WARN_EMPTY_BODY = YES;
				CLANG_WARN_ENUM_CONVERSION = YES;
				CLANG_WARN_INFINITE_RECURSION = YES;
				CLANG_WARN_INT_CONVERSION = YES;
				CLANG_WARN_NON_LITERAL_NULL_CONVERSION = YES;
				CLANG_WARN_OBJC_IMPLICIT_RETAIN_SELF = YES;
				CLANG_WARN_OBJC_LITERAL_CONVERSION = YES;
				CLANG_WARN_OBJC_ROOT_CLASS = YES_ERROR;
				CLANG_WARN_QUOTED_INCLUDE_IN_FRAMEWORK_HEADER = YES;
				CLANG_WARN_RANGE_LOOP_ANALYSIS = YES;
				CLANG_WARN_STRICT_PROTOTYPES = YES;
				CLANG_WARN_SUSPICIOUS_MOVE = YES;
				CLANG_WARN_UNGUARDED_AVAILABILITY = YES_AGGRESSIVE;
				CLANG_WARN_UNREACHABLE_CODE = YES;
				CLANG_WARN__DUPLICATE_METHOD_MATCH = YES;
				COPY_PHASE_STRIP = NO;
				DEBUG_INFORMATION_FORMAT = dwarf;
				ENABLE_STRICT_OBJC_MSGSEND = YES;
				ENABLE_TESTABILITY = YES;
				ENABLE_USER_SCRIPT_SANDBOXING = YES;
				GCC_C_LANGUAGE_STANDARD = gnu17;
				GCC_DYNAMIC_NO_PIC = NO;
				GCC_NO_COMMON_BLOCKS = YES;
				GCC_OPTIMIZATION_LEVEL = 0;
				GCC_PREPROCESSOR_DEFINITIONS = (
					"DEBUG=1",
					"$(inherited)",
				);
				GCC_WARN_64_TO_32_BIT_CONVERSION = YES;
				GCC_WARN_ABOUT_RETURN_TYPE = YES_ERROR;
				GCC_WARN_UNDECLARED_SELECTOR = YES;
				GCC_WARN_UNINITIALIZED_AUTOS = YES_AGGRESSIVE;
				GCC_WARN_UNUSED_FUNCTION = YES;
				GCC_WARN_UNUSED_VARIABLE = YES;
				IPHONEOS_DEPLOYMENT_TARGET = 18.2;
				LOCALIZATION_PREFERS_STRING_CATALOGS = YES;
				MTL_ENABLE_DEBUG_INFO = INCLUDE_SOURCE;
				MTL_FAST_MATH = YES;
				ONLY_ACTIVE_ARCH = YES;
				SDKROOT = iphoneos;
				SWIFT_ACTIVE_COMPILATION_CONDITIONS = "DEBUG $(inherited)";
				SWIFT_OPTIMIZATION_LEVEL = "-Onone";
			};
			name = Debug;
		};
		8167119F2D3338A8006ABFB4 /* Release */ = {
			isa = XCBuildConfiguration;
			buildSettings = {
				ALWAYS_SEARCH_USER_PATHS = NO;
				ASSETCATALOG_COMPILER_GENERATE_SWIFT_ASSET_SYMBOL_EXTENSIONS = YES;
				CLANG_ANALYZER_NONNULL = YES;
				CLANG_ANALYZER_NUMBER_OBJECT_CONVERSION = YES_AGGRESSIVE;
				CLANG_CXX_LANGUAGE_STANDARD = "gnu++20";
				CLANG_ENABLE_MODULES = YES;
				CLANG_ENABLE_OBJC_ARC = YES;
				CLANG_ENABLE_OBJC_WEAK = YES;
				CLANG_WARN_BLOCK_CAPTURE_AUTORELEASING = YES;
				CLANG_WARN_BOOL_CONVERSION = YES;
				CLANG_WARN_COMMA = YES;
				CLANG_WARN_CONSTANT_CONVERSION = YES;
				CLANG_WARN_DEPRECATED_OBJC_IMPLEMENTATIONS = YES;
				CLANG_WARN_DIRECT_OBJC_ISA_USAGE = YES_ERROR;
				CLANG_WARN_DOCUMENTATION_COMMENTS = YES;
				CLANG_WARN_EMPTY_BODY = YES;
				CLANG_WARN_ENUM_CONVERSION = YES;
				CLANG_WARN_INFINITE_RECURSION = YES;
				CLANG_WARN_INT_CONVERSION = YES;
				CLANG_WARN_NON_LITERAL_NULL_CONVERSION = YES;
				CLANG_WARN_OBJC_IMPLICIT_RETAIN_SELF = YES;
				CLANG_WARN_OBJC_LITERAL_CONVERSION = YES;
				CLANG_WARN_OBJC_ROOT_CLASS = YES_ERROR;
				CLANG_WARN_QUOTED_INCLUDE_IN_FRAMEWORK_HEADER = YES;
				CLANG_WARN_RANGE_LOOP_ANALYSIS = YES;
				CLANG_WARN_STRICT_PROTOTYPES = YES;
				CLANG_WARN_SUSPICIOUS_MOVE = YES;
				CLANG_WARN_UNGUARDED_AVAILABILITY = YES_AGGRESSIVE;
				CLANG_WARN_UNREACHABLE_CODE = YES;
				CLANG_WARN__DUPLICATE_METHOD_MATCH = YES;
				COPY_PHASE_STRIP = NO;
				DEBUG_INFORMATION_FORMAT = "dwarf-with-dsym";
				ENABLE_NS_ASSERTIONS = NO;
				ENABLE_STRICT_OBJC_MSGSEND = YES;
				ENABLE_USER_SCRIPT_SANDBOXING = YES;
				GCC_C_LANGUAGE_STANDARD = gnu17;
				GCC_NO_COMMON_BLOCKS = YES;
				GCC_WARN_64_TO_32_BIT_CONVERSION = YES;
				GCC_WARN_ABOUT_RETURN_TYPE = YES_ERROR;
				GCC_WARN_UNDECLARED_SELECTOR = YES;
				GCC_WARN_UNINITIALIZED_AUTOS = YES_AGGRESSIVE;
				GCC_WARN_UNUSED_FUNCTION = YES;
				GCC_WARN_UNUSED_VARIABLE = YES;
				IPHONEOS_DEPLOYMENT_TARGET = 18.2;
				LOCALIZATION_PREFERS_STRING_CATALOGS = YES;
				MTL_ENABLE_DEBUG_INFO = NO;
				MTL_FAST_MATH = YES;
				SDKROOT = iphoneos;
				SWIFT_COMPILATION_MODE = wholemodule;
				VALIDATE_PRODUCT = YES;
			};
			name = Release;
		};
		816711A12D3338A8006ABFB4 /* Debug */ = {
			isa = XCBuildConfiguration;
			buildSettings = {
				ASSETCATALOG_COMPILER_APPICON_NAME = AppIcon;
				ASSETCATALOG_COMPILER_GLOBAL_ACCENT_COLOR_NAME = AccentColor;
				CODE_SIGN_STYLE = Automatic;
				CURRENT_PROJECT_VERSION = 1;
				DEVELOPMENT_ASSET_PATHS = "\"RecipesList/Preview Content\"";
				DEVELOPMENT_TEAM = 7QLFY4H5ZF;
				ENABLE_PREVIEWS = YES;
				GENERATE_INFOPLIST_FILE = YES;
				INFOPLIST_KEY_UIApplicationSceneManifest_Generation = YES;
				INFOPLIST_KEY_UIApplicationSupportsIndirectInputEvents = YES;
				INFOPLIST_KEY_UILaunchScreen_Generation = YES;
				INFOPLIST_KEY_UISupportedInterfaceOrientations_iPad = "UIInterfaceOrientationPortrait UIInterfaceOrientationPortraitUpsideDown UIInterfaceOrientationLandscapeLeft UIInterfaceOrientationLandscapeRight";
				INFOPLIST_KEY_UISupportedInterfaceOrientations_iPhone = "UIInterfaceOrientationPortrait UIInterfaceOrientationLandscapeLeft UIInterfaceOrientationLandscapeRight";
				LD_RUNPATH_SEARCH_PATHS = (
					"$(inherited)",
					"@executable_path/Frameworks",
				);
				MARKETING_VERSION = 1.0;
				PRODUCT_BUNDLE_IDENTIFIER = "Sahil-Reddy.RecipesList";
				PRODUCT_NAME = "$(TARGET_NAME)";
				SWIFT_EMIT_LOC_STRINGS = YES;
				SWIFT_VERSION = 5.0;
				TARGETED_DEVICE_FAMILY = "1,2";
			};
			name = Debug;
		};
		816711A22D3338A8006ABFB4 /* Release */ = {
			isa = XCBuildConfiguration;
			buildSettings = {
				ASSETCATALOG_COMPILER_APPICON_NAME = AppIcon;
				ASSETCATALOG_COMPILER_GLOBAL_ACCENT_COLOR_NAME = AccentColor;
				CODE_SIGN_STYLE = Automatic;
				CURRENT_PROJECT_VERSION = 1;
				DEVELOPMENT_ASSET_PATHS = "\"RecipesList/Preview Content\"";
				DEVELOPMENT_TEAM = 7QLFY4H5ZF;
				ENABLE_PREVIEWS = YES;
				GENERATE_INFOPLIST_FILE = YES;
				INFOPLIST_KEY_UIApplicationSceneManifest_Generation = YES;
				INFOPLIST_KEY_UIApplicationSupportsIndirectInputEvents = YES;
				INFOPLIST_KEY_UILaunchScreen_Generation = YES;
				INFOPLIST_KEY_UISupportedInterfaceOrientations_iPad = "UIInterfaceOrientationPortrait UIInterfaceOrientationPortraitUpsideDown UIInterfaceOrientationLandscapeLeft UIInterfaceOrientationLandscapeRight";
				INFOPLIST_KEY_UISupportedInterfaceOrientations_iPhone = "UIInterfaceOrientationPortrait UIInterfaceOrientationLandscapeLeft UIInterfaceOrientationLandscapeRight";
				LD_RUNPATH_SEARCH_PATHS = (
					"$(inherited)",
					"@executable_path/Frameworks",
				);
				MARKETING_VERSION = 1.0;
				PRODUCT_BUNDLE_IDENTIFIER = "Sahil-Reddy.RecipesList";
				PRODUCT_NAME = "$(TARGET_NAME)";
				SWIFT_EMIT_LOC_STRINGS = YES;
				SWIFT_VERSION = 5.0;
				TARGETED_DEVICE_FAMILY = "1,2";
			};
			name = Release;
		};
		816711A42D3338A8006ABFB4 /* Debug */ = {
			isa = XCBuildConfiguration;
			buildSettings = {
				BUNDLE_LOADER = "$(TEST_HOST)";
				CODE_SIGN_STYLE = Automatic;
				CURRENT_PROJECT_VERSION = 1;
				DEVELOPMENT_TEAM = 7QLFY4H5ZF;
				GENERATE_INFOPLIST_FILE = YES;
				IPHONEOS_DEPLOYMENT_TARGET = 18.2;
				MARKETING_VERSION = 1.0;
				PRODUCT_BUNDLE_IDENTIFIER = "Sahil-Reddy.RecipesListTests";
				PRODUCT_NAME = "$(TARGET_NAME)";
				SWIFT_EMIT_LOC_STRINGS = NO;
				SWIFT_VERSION = 5.0;
				TARGETED_DEVICE_FAMILY = "1,2";
				TEST_HOST = "$(BUILT_PRODUCTS_DIR)/RecipesList.app/$(BUNDLE_EXECUTABLE_FOLDER_PATH)/RecipesList";
			};
			name = Debug;
		};
		816711A52D3338A8006ABFB4 /* Release */ = {
			isa = XCBuildConfiguration;
			buildSettings = {
				BUNDLE_LOADER = "$(TEST_HOST)";
				CODE_SIGN_STYLE = Automatic;
				CURRENT_PROJECT_VERSION = 1;
				DEVELOPMENT_TEAM = 7QLFY4H5ZF;
				GENERATE_INFOPLIST_FILE = YES;
				IPHONEOS_DEPLOYMENT_TARGET = 18.2;
				MARKETING_VERSION = 1.0;
				PRODUCT_BUNDLE_IDENTIFIER = "Sahil-Reddy.RecipesListTests";
				PRODUCT_NAME = "$(TARGET_NAME)";
				SWIFT_EMIT_LOC_STRINGS = NO;
				SWIFT_VERSION = 5.0;
				TARGETED_DEVICE_FAMILY = "1,2";
				TEST_HOST = "$(BUILT_PRODUCTS_DIR)/RecipesList.app/$(BUNDLE_EXECUTABLE_FOLDER_PATH)/RecipesList";
			};
			name = Release;
		};
		816711A72D3338A8006ABFB4 /* Debug */ = {
			isa = XCBuildConfiguration;
			buildSettings = {
				CODE_SIGN_STYLE = Automatic;
				CURRENT_PROJECT_VERSION = 1;
				DEVELOPMENT_TEAM = 7QLFY4H5ZF;
				GENERATE_INFOPLIST_FILE = YES;
				MARKETING_VERSION = 1.0;
				PRODUCT_BUNDLE_IDENTIFIER = "Sahil-Reddy.RecipesListUITests";
				PRODUCT_NAME = "$(TARGET_NAME)";
				SWIFT_EMIT_LOC_STRINGS = NO;
				SWIFT_VERSION = 5.0;
				TARGETED_DEVICE_FAMILY = "1,2";
				TEST_TARGET_NAME = RecipesList;
			};
			name = Debug;
		};
		816711A82D3338A8006ABFB4 /* Release */ = {
			isa = XCBuildConfiguration;
			buildSettings = {
				CODE_SIGN_STYLE = Automatic;
				CURRENT_PROJECT_VERSION = 1;
				DEVELOPMENT_TEAM = 7QLFY4H5ZF;
				GENERATE_INFOPLIST_FILE = YES;
				MARKETING_VERSION = 1.0;
				PRODUCT_BUNDLE_IDENTIFIER = "Sahil-Reddy.RecipesListUITests";
				PRODUCT_NAME = "$(TARGET_NAME)";
				SWIFT_EMIT_LOC_STRINGS = NO;
				SWIFT_VERSION = 5.0;
				TARGETED_DEVICE_FAMILY = "1,2";
				TEST_TARGET_NAME = RecipesList;
			};
			name = Release;
		};
/* End XCBuildConfiguration section */

/* Begin XCConfigurationList section */
		816711772D3338A4006ABFB4 /* Build configuration list for PBXProject "RecipesList" */ = {
			isa = XCConfigurationList;
			buildConfigurations = (
				8167119E2D3338A8006ABFB4 /* Debug */,
				8167119F2D3338A8006ABFB4 /* Release */,
			);
			defaultConfigurationIsVisible = 0;
			defaultConfigurationName = Release;
		};
		816711A02D3338A8006ABFB4 /* Build configuration list for PBXNativeTarget "RecipesList" */ = {
			isa = XCConfigurationList;
			buildConfigurations = (
				816711A12D3338A8006ABFB4 /* Debug */,
				816711A22D3338A8006ABFB4 /* Release */,
			);
			defaultConfigurationIsVisible = 0;
			defaultConfigurationName = Release;
		};
		816711A32D3338A8006ABFB4 /* Build configuration list for PBXNativeTarget "RecipesListTests" */ = {
			isa = XCConfigurationList;
			buildConfigurations = (
				816711A42D3338A8006ABFB4 /* Debug */,
				816711A52D3338A8006ABFB4 /* Release */,
			);
			defaultConfigurationIsVisible = 0;
			defaultConfigurationName = Release;
		};
		816711A62D3338A8006ABFB4 /* Build configuration list for PBXNativeTarget "RecipesListUITests" */ = {
			isa = XCConfigurationList;
			buildConfigurations = (
				816711A72D3338A8006ABFB4 /* Debug */,
				816711A82D3338A8006ABFB4 /* Release */,
			);
			defaultConfigurationIsVisible = 0;
			defaultConfigurationName = Release;
		};
/* End XCConfigurationList section */
	};
	rootObject = 816711742D3338A4006ABFB4 /* Project object */;
}
